Microsoft Visual Studio Solution File, Format Version 12.00
# Visual Studio Version 17
Project("{FAE04EC0-301F-11D3-BF4B-00C04F79EFBC}") = "EquipmentBorrowing.Domain", "src\EquipmentBorrowing.Domain\EquipmentBorrowing.Domain.csproj", "{E158C580-3112-4281-BED1-3DCED92AF2A8}"
EndProject
Project("{FAE04EC0-301F-11D3-BF4B-00C04F79EFBC}") = "EquipmentBorrowing.Application", "src\EquipmentBorrowing.Application\EquipmentBorrowing.Application.csproj", "{E0E481E8-6376-451C-AFEF-7F378EB402A4}"
EndProject
Project("{FAE04EC0-301F-11D3-BF4B-00C04F79EFBC}") = "EquipmentBorrowing.Infrastructure", "src\EquipmentBorrowing.Infrastructure\EquipmentBorrowing.Infrastructure.csproj", "{834F26E8-A5F1-4F98-8135-29C52B206C62}"
EndProject
Project("{FAE04EC0-301F-11D3-BF4B-00C04F79EFBC}") = "EquipmentBorrowing.ConsoleDemo", "src\EquipmentBorrowing.ConsoleDemo\EquipmentBorrowing.ConsoleDemo.csproj", "{F2FB3C96-BF8C-4BB3-AB84-8ACD2437BF6E}"
EndProject
Project("{FAE04EC0-301F-11D3-BF4B-00C04F79EFBC}") = "EquipmentBorrowing.Desktop", "src\EquipmentBorrowing.Desktop\EquipmentBorrowing.Desktop.csproj", "{F349D4E5-0131-43B2-9E85-740C43C6C0A1}"
EndProject
Project("{FAE04EC0-301F-11D3-BF4B-00C04F79EFBC}") = "EquipmentBorrowing.Tests", "tests\EquipmentBorrowing.Tests\EquipmentBorrowing.Tests.csproj", "{2E091D71-749E-44A4-B109-EA65B6F13578}"
EndProject
Global
	GlobalSection(SolutionConfigurationPlatforms) = preSolution
		Debug|Any CPU = Debug|Any CPU
		Release|Any CPU = Release|Any CPU
	EndGlobalSection
	GlobalSection(ProjectConfigurationPlatforms) = postSolution
		{E158C580-3112-4281-BED1-3DCED92AF2A8}.Debug|Any CPU.ActiveCfg = Debug|Any CPU
		{E158C580-3112-4281-BED1-3DCED92AF2A8}.Debug|Any CPU.Build.0 = Debug|Any CPU
		{E158C580-3112-4281-BED1-3DCED92AF2A8}.Release|Any CPU.ActiveCfg = Release|Any CPU
		{E158C580-3112-4281-BED1-3DCED92AF2A8}.Release|Any CPU.Build.0 = Release|Any CPU
		{E0E481E8-6376-451C-AFEF-7F378EB402A4}.Debug|Any CPU.ActiveCfg = Debug|Any CPU
		{E0E481E8-6376-451C-AFEF-7F378EB402A4}.Debug|Any CPU.Build.0 = Debug|Any CPU
		{E0E481E8-6376-451C-AFEF-7F378EB402A4}.Release|Any CPU.ActiveCfg = Release|Any CPU
		{E0E481E8-6376-451C-AFEF-7F378EB402A4}.Release|Any CPU.Build.0 = Release|Any CPU
		{834F26E8-A5F1-4F98-8135-29C52B206C62}.Debug|Any CPU.ActiveCfg = Debug|Any CPU
		{834F26E8-A5F1-4F98-8135-29C52B206C62}.Debug|Any CPU.Build.0 = Debug|Any CPU
		{834F26E8-A5F1-4F98-8135-29C52B206C62}.Release|Any CPU.ActiveCfg = Release|Any CPU
		{834F26E8-A5F1-4F98-8135-29C52B206C62}.Release|Any CPU.Build.0 = Release|Any CPU
		{F2FB3C96-BF8C-4BB3-AB84-8ACD2437BF6E}.Debug|Any CPU.ActiveCfg = Debug|Any CPU
		{F2FB3C96-BF8C-4BB3-AB84-8ACD2437BF6E}.Debug|Any CPU.Build.0 = Debug|Any CPU
		{F2FB3C96-BF8C-4BB3-AB84-8ACD2437BF6E}.Release|Any CPU.ActiveCfg = Release|Any CPU
		{F2FB3C96-BF8C-4BB3-AB84-8ACD2437BF6E}.Release|Any CPU.Build.0 = Release|Any CPU
		{F349D4E5-0131-43B2-9E85-740C43C6C0A1}.Debug|Any CPU.ActiveCfg = Debug|Any CPU
		{F349D4E5-0131-43B2-9E85-740C43C6C0A1}.Debug|Any CPU.Build.0 = Debug|Any CPU
		{F349D4E5-0131-43B2-9E85-740C43C6C0A1}.Release|Any CPU.ActiveCfg = Release|Any CPU
		{F349D4E5-0131-43B2-9E85-740C43C6C0A1}.Release|Any CPU.Build.0 = Release|Any CPU
		{2E091D71-749E-44A4-B109-EA65B6F13578}.Debug|Any CPU.ActiveCfg = Debug|Any CPU
		{2E091D71-749E-44A4-B109-EA65B6F13578}.Debug|Any CPU.Build.0 = Debug|Any CPU
		{2E091D71-749E-44A4-B109-EA65B6F13578}.Release|Any CPU.ActiveCfg = Release|Any CPU
		{2E091D71-749E-44A4-B109-EA65B6F13578}.Release|Any CPU.Build.0 = Release|Any CPU
	EndGlobalSection
EndGlobal
